
Microsoft Visual Studio Solution File, Format Version 12.00
# Visual Studio Version 17
VisualStudioVersion = 17.8.34511.84
MinimumVisualStudioVersion = 10.0.40219.1
Project("{FAE04EC0-301F-11D3-BF4B-00C04F79EFBC}") = "BP.CRUD", "BP.CRUD\BP.CRUD.csproj", "{5BFD3F0F-5349-4EE4-B30A-0779532DC816}"
EndProject
Global
	GlobalSection(SolutionConfigurationPlatforms) = preSolution
		Debug|Any CPU = Debug|Any CPU
		Release|Any CPU = Release|Any CPU
	EndGlobalSection
	GlobalSection(ProjectConfigurationPlatforms) = postSolution
		{5BFD3F0F-5349-4EE4-B30A-0779532DC816}.Debug|Any CPU.ActiveCfg = Debug|Any CPU
		{5BFD3F0F-5349-4EE4-B30A-0779532DC816}.Debug|Any CPU.Build.0 = Debug|Any CPU
		{5BFD3F0F-5349-4EE4-B30A-0779532DC816}.Release|Any CPU.ActiveCfg = Release|Any CPU
		{5BFD3F0F-5349-4EE4-B30A-0779532DC816}.Release|Any CPU.Build.0 = Release|Any CPU
	EndGlobalSection
	GlobalSection(SolutionProperties) = preSolution
		HideSolutionNode = FALSE
	EndGlobalSection
	GlobalSection(ExtensibilityGlobals) = postSolution
		SolutionGuid = {B4731DF1-044E-427F-9405-01F0E035EB54}
	EndGlobalSection
EndGlobal
